// !$*UTF8*$!
{
	archiveVersion = 1;
	classes = {
	};
	objectVersion = 51;
	objects = {

/* Begin PBXBuildFile section */
		8F14331723B1F722007C01BA /* AppDelegate.swift in Sources */ = {isa = PBXBuildFile; fileRef = 8F14331623B1F722007C01BA /* AppDelegate.swift */; };
		8F14331923B1F722007C01BA /* RootViewController.swift in Sources */ = {isa = PBXBuildFile; fileRef = 8F14331823B1F722007C01BA /* RootViewController.swift */; };
		8F14331B23B1F722007C01BA /* PageViewController.swift in Sources */ = {isa = PBXBuildFile; fileRef = 8F14331A23B1F722007C01BA /* PageViewController.swift */; };
		8F14331D23B1F722007C01BA /* PagesManager.swift in Sources */ = {isa = PBXBuildFile; fileRef = 8F14331C23B1F722007C01BA /* PagesManager.swift */; };
		8F14332023B1F722007C01BA /* Main.storyboard in Resources */ = {isa = PBXBuildFile; fileRef = 8F14331E23B1F722007C01BA /* Main.storyboard */; };
		8F14332223B1F727007C01BA /* Assets.xcassets in Resources */ = {isa = PBXBuildFile; fileRef = 8F14332123B1F727007C01BA /* Assets.xcassets */; };
		8F14332523B1F727007C01BA /* LaunchScreen.storyboard in Resources */ = {isa = PBXBuildFile; fileRef = 8F14332323B1F727007C01BA /* LaunchScreen.storyboard */; };
		8F14333323B20A88007C01BA /* small_animation.json in Resources */ = {isa = PBXBuildFile; fileRef = 8F14333223B20A88007C01BA /* small_animation.json */; };
		8F14333523B20BB1007C01BA /* medium_animation.json in Resources */ = {isa = PBXBuildFile; fileRef = 8F14333423B20BB1007C01BA /* medium_animation.json */; };
		8F14333723B217B5007C01BA /* UIView+extension.swift in Sources */ = {isa = PBXBuildFile; fileRef = 8F14333623B217B5007C01BA /* UIView+extension.swift */; };
		AECCC54199257B6D7E53DCEC /* Pods_lottie_performance_bug.framework in Frameworks */ = {isa = PBXBuildFile; fileRef = 1143DB0B97851ACA46211DB7 /* Pods_lottie_performance_bug.framework */; };
/* End PBXBuildFile section */

/* Begin PBXFileReference section */
		035B4768CBC86F215DCCE9B8 /* Pods-lottie_performance_bug.release.xcconfig */ = {isa = PBXFileReference; includeInIndex = 1; lastKnownFileType = text.xcconfig; name = "Pods-lottie_performance_bug.release.xcconfig"; path = "Target Support Files/Pods-lottie_performance_bug/Pods-lottie_performance_bug.release.xcconfig"; sourceTree = "<group>"; };
		1143DB0B97851ACA46211DB7 /* Pods_lottie_performance_bug.framework */ = {isa = PBXFileReference; explicitFileType = wrapper.framework; includeInIndex = 0; path = Pods_lottie_performance_bug.framework; sourceTree = BUILT_PRODUCTS_DIR; };
		1CB7BCDBCECD95156C049C8F /* Pods-lottie_performance_bug.debug.xcconfig */ = {isa = PBXFileReference; includeInIndex = 1; lastKnownFileType = text.xcconfig; name = "Pods-lottie_performance_bug.debug.xcconfig"; path = "Target Support Files/Pods-lottie_performance_bug/Pods-lottie_performance_bug.debug.xcconfig"; sourceTree = "<group>"; };
		8F14331323B1F722007C01BA /* lottie_performance_bug.app */ = {isa = PBXFileReference; explicitFileType = wrapper.application; includeInIndex = 0; path = lottie_performance_bug.app; sourceTree = BUILT_PRODUCTS_DIR; };
		8F14331623B1F722007C01BA /* AppDelegate.swift */ = {isa = PBXFileReference; lastKnownFileType = sourcecode.swift; path = AppDelegate.swift; sourceTree = "<group>"; };
		8F14331823B1F722007C01BA /* RootViewController.swift */ = {isa = PBXFileReference; lastKnownFileType = sourcecode.swift; path = RootViewController.swift; sourceTree = "<group>"; };
		8F14331A23B1F722007C01BA /* PageViewController.swift */ = {isa = PBXFileReference; lastKnownFileType = sourcecode.swift; path = PageViewController.swift; sourceTree = "<group>"; };
		8F14331C23B1F722007C01BA /* PagesManager.swift */ = {isa = PBXFileReference; lastKnownFileType = sourcecode.swift; path = PagesManager.swift; sourceTree = "<group>"; };
		8F14331F23B1F722007C01BA /* Base */ = {isa = PBXFileReference; lastKnownFileType = file.storyboard; name = Base; path = Base.lproj/Main.storyboard; sourceTree = "<group>"; };
		8F14332123B1F727007C01BA /* Assets.xcassets */ = {isa = PBXFileReference; lastKnownFileType = folder.assetcatalog; path = Assets.xcassets; sourceTree = "<group>"; };
		8F14332423B1F727007C01BA /* Base */ = {isa = PBXFileReference; lastKnownFileType = file.storyboard; name = Base; path = Base.lproj/LaunchScreen.storyboard; sourceTree = "<group>"; };
		8F14332623B1F727007C01BA /* Info.plist */ = {isa = PBXFileReference; lastKnownFileType = text.plist.xml; path = Info.plist; sourceTree = "<group>"; };
		8F14333223B20A88007C01BA /* small_animation.json */ = {isa = PBXFileReference; fileEncoding = 4; lastKnownFileType = text.json; path = small_animation.json; sourceTree = "<group>"; };
		8F14333423B20BB1007C01BA /* medium_animation.json */ = {isa = PBXFileReference; fileEncoding = 4; lastKnownFileType = text.json; path = medium_animation.json; sourceTree = "<group>"; };
		8F14333623B217B5007C01BA /* UIView+extension.swift */ = {isa = PBXFileReference; lastKnownFileType = sourcecode.swift; path = "UIView+extension.swift"; sourceTree = "<group>"; };
/* End PBXFileReference section */

/* Begin PBXFrameworksBuildPhase section */
		8F14331023B1F722007C01BA /* Frameworks */ = {
			isa = PBXFrameworksBuildPhase;
			buildActionMask = 2147483647;
			files = (
				AECCC54199257B6D7E53DCEC /* Pods_lottie_performance_bug.framework in Frameworks */,
			);
			runOnlyForDeploymentPostprocessing = 0;
		};
/* End PBXFrameworksBuildPhase section */

/* Begin PBXGroup section */
		2BF9958277477CE3C86816EB /* Frameworks */ = {
			isa = PBXGroup;
			children = (
				1143DB0B97851ACA46211DB7 /* Pods_lottie_performance_bug.framework */,
			);
			name = Frameworks;
			sourceTree = "<group>";
		};
		8172BE18D81BFDA1A49F2B5A /* Pods */ = {
			isa = PBXGroup;
			children = (
				1CB7BCDBCECD95156C049C8F /* Pods-lottie_performance_bug.debug.xcconfig */,
				035B4768CBC86F215DCCE9B8 /* Pods-lottie_performance_bug.release.xcconfig */,
			);
			path = Pods;
			sourceTree = "<group>";
		};
		8F14330A23B1F722007C01BA = {
			isa = PBXGroup;
			children = (
				8F14331523B1F722007C01BA /* lottie_performance_bug */,
				8F14331423B1F722007C01BA /* Products */,
				8172BE18D81BFDA1A49F2B5A /* Pods */,
				2BF9958277477CE3C86816EB /* Frameworks */,
			);
			sourceTree = "<group>";
		};
		8F14331423B1F722007C01BA /* Products */ = {
			isa = PBXGroup;
			children = (
				8F14331323B1F722007C01BA /* lottie_performance_bug.app */,
			);
			name = Products;
			sourceTree = "<group>";
		};
		8F14331523B1F722007C01BA /* lottie_performance_bug */ = {
			isa = PBXGroup;
			children = (
				8F14334023B23EC7007C01BA /* animations */,
				8F14331623B1F722007C01BA /* AppDelegate.swift */,
				8F14331823B1F722007C01BA /* RootViewController.swift */,
				8F14331A23B1F722007C01BA /* PageViewController.swift */,
				8F14331C23B1F722007C01BA /* PagesManager.swift */,
				8F14331E23B1F722007C01BA /* Main.storyboard */,
				8F14332123B1F727007C01BA /* Assets.xcassets */,
				8F14332323B1F727007C01BA /* LaunchScreen.storyboard */,
				8F14332623B1F727007C01BA /* Info.plist */,
				8F14333623B217B5007C01BA /* UIView+extension.swift */,
			);
			path = lottie_performance_bug;
			sourceTree = "<group>";
		};
		8F14334023B23EC7007C01BA /* animations */ = {
			isa = PBXGroup;
			children = (
				8F14333223B20A88007C01BA /* small_animation.json */,
				8F14333423B20BB1007C01BA /* medium_animation.json */,
			);
			path = animations;
			sourceTree = "<group>";
		};
/* End PBXGroup section */

/* Begin PBXNativeTarget section */
		8F14331223B1F722007C01BA /* lottie_performance_bug */ = {
			isa = PBXNativeTarget;
			buildConfigurationList = 8F14332923B1F727007C01BA /* Build configuration list for PBXNativeTarget "lottie_performance_bug" */;
			buildPhases = (
				27BD083A90EEE26BC0D29981 /* [CP] Check Pods Manifest.lock */,
				8F14330F23B1F722007C01BA /* Sources */,
				8F14331023B1F722007C01BA /* Frameworks */,
				8F14331123B1F722007C01BA /* Resources */,
				27B95476AE4E67D4EA65CF69 /* [CP] Embed Pods Frameworks */,
			);
			buildRules = (
			);
			dependencies = (
			);
			name = lottie_performance_bug;
			productName = lottie_performance_bug;
			productReference = 8F14331323B1F722007C01BA /* lottie_performance_bug.app */;
			productType = "com.apple.product-type.application";
		};
/* End PBXNativeTarget section */

/* Begin PBXProject section */
		8F14330B23B1F722007C01BA /* Project object */ = {
			isa = PBXProject;
			attributes = {
				LastSwiftUpdateCheck = 1020;
				LastUpgradeCheck = 1020;
				ORGANIZATIONNAME = "lottie-bug";
				TargetAttributes = {
					8F14331223B1F722007C01BA = {
						CreatedOnToolsVersion = 10.2.1;
					};
				};
			};
			buildConfigurationList = 8F14330E23B1F722007C01BA /* Build configuration list for PBXProject "lottie_performance_bug" */;
			compatibilityVersion = "Xcode 9.3";
			developmentRegion = en;
			hasScannedForEncodings = 0;
			knownRegions = (
				en,
				Base,
			);
			mainGroup = 8F14330A23B1F722007C01BA;
			productRefGroup = 8F14331423B1F722007C01BA /* Products */;
			projectDirPath = "";
			projectRoot = "";
			targets = (
				8F14331223B1F722007C01BA /* lottie_performance_bug */,
			);
		};
/* End PBXProject section */

/* Begin PBXResourcesBuildPhase section */
		8F14331123B1F722007C01BA /* Resources */ = {
			isa = PBXResourcesBuildPhase;
			buildActionMask = 2147483647;
			files = (
				8F14333323B20A88007C01BA /* small_animation.json in Resources */,
				8F14333523B20BB1007C01BA /* medium_animation.json in Resources */,
				8F14332523B1F727007C01BA /* LaunchScreen.storyboard in Resources */,
				8F14332223B1F727007C01BA /* Assets.xcassets in Resources */,
				8F14332023B1F722007C01BA /* Main.storyboard in Resources */,
			);
			runOnlyForDeploymentPostprocessing = 0;
		};
/* End PBXResourcesBuildPhase section */

/* Begin PBXShellScriptBuildPhase section */
		27B95476AE4E67D4EA65CF69 /* [CP] Embed Pods Frameworks */ = {
			isa = PBXShellScriptBuildPhase;
			buildActionMask = 2147483647;
			files = (
			);
			inputFileListPaths = (
				"${PODS_ROOT}/Target Support Files/Pods-lottie_performance_bug/Pods-lottie_performance_bug-frameworks-${CONFIGURATION}-input-files.xcfilelist",
			);
			name = "[CP] Embed Pods Frameworks";
			outputFileListPaths = (
				"${PODS_ROOT}/Target Support Files/Pods-lottie_performance_bug/Pods-lottie_performance_bug-frameworks-${CONFIGURATION}-output-files.xcfilelist",
			);
			runOnlyForDeploymentPostprocessing = 0;
			shellPath = /bin/sh;
			shellScript = "\"${PODS_ROOT}/Target Support Files/Pods-lottie_performance_bug/Pods-lottie_performance_bug-frameworks.sh\"\n";
			showEnvVarsInLog = 0;
		};
		27BD083A90EEE26BC0D29981 /* [CP] Check Pods Manifest.lock */ = {
			isa = PBXShellScriptBuildPhase;
			buildActionMask = 2147483647;
			files = (
			);
			inputFileListPaths = (
			);
			inputPaths = (
				"${PODS_PODFILE_DIR_PATH}/Podfile.lock",
				"${PODS_ROOT}/Manifest.lock",
			);
			name = "[CP] Check Pods Manifest.lock";
			outputFileListPaths = (
			);
			outputPaths = (
				"$(DERIVED_FILE_DIR)/Pods-lottie_performance_bug-checkManifestLockResult.txt",
			);
			runOnlyForDeploymentPostprocessing = 0;
			shellPath = /bin/sh;
			shellScript = "diff \"${PODS_PODFILE_DIR_PATH}/Podfile.lock\" \"${PODS_ROOT}/Manifest.lock\" > /dev/null\nif [ $? != 0 ] ; then\n    # print error to STDERR\n    echo \"error: The sandbox is not in sync with the Podfile.lock. Run 'pod install' or update your CocoaPods installation.\" >&2\n    exit 1\nfi\n# This output is used by Xcode 'outputs' to avoid re-running this script phase.\necho \"SUCCESS\" > \"${SCRIPT_OUTPUT_FILE_0}\"\n";
			showEnvVarsInLog = 0;
		};
/* End PBXShellScriptBuildPhase section */

/* Begin PBXSourcesBuildPhase section */
		8F14330F23B1F722007C01BA /* Sources */ = {
			isa = PBXSourcesBuildPhase;
			buildActionMask = 2147483647;
			files = (
				8F14333723B217B5007C01BA /* UIView+extension.swift in Sources */,
				8F14331923B1F722007C01BA /* RootViewController.swift in Sources */,
				8F14331D23B1F722007C01BA /* PagesManager.swift in Sources */,
				8F14331B23B1F722007C01BA /* PageViewController.swift in Sources */,
				8F14331723B1F722007C01BA /* AppDelegate.swift in Sources */,
			);
			runOnlyForDeploymentPostprocessing = 0;
		};
/* End PBXSourcesBuildPhase section */

/* Begin PBXVariantGroup section */
		8F14331E23B1F722007C01BA /* Main.storyboard */ = {
			isa = PBXVariantGroup;
			children = (
				8F14331F23B1F722007C01BA /* Base */,
			);
			name = Main.storyboard;
			sourceTree = "<group>";
		};
		8F14332323B1F727007C01BA /* LaunchScreen.storyboard */ = {
			isa = PBXVariantGroup;
			children = (
				8F14332423B1F727007C01BA /* Base */,
			);
			name = LaunchScreen.storyboard;
			sourceTree = "<group>";
		};
/* End PBXVariantGroup section */

/* Begin XCBuildConfiguration section */
		8F14332723B1F727007C01BA /* Debug */ = {
			isa = XCBuildConfiguration;
			buildSettings = {
				ALWAYS_SEARCH_USER_PATHS = NO;
				CLANG_ANALYZER_NONNULL = YES;
				CLANG_ANALYZER_NUMBER_OBJECT_CONVERSION = YES_AGGRESSIVE;
				CLANG_CXX_LANGUAGE_STANDARD = "gnu++14";
				CLANG_CXX_LIBRARY = "libc++";
				CLANG_ENABLE_MODULES = YES;
				CLANG_ENABLE_OBJC_ARC = YES;
				CLANG_ENABLE_OBJC_WEAK = YES;
				CLANG_WARN_BLOCK_CAPTURE_AUTORELEASING = YES;
				CLANG_WARN_BOOL_CONVERSION = YES;
				CLANG_WARN_COMMA = YES;
				CLANG_WARN_CONSTANT_CONVERSION = YES;
				CLANG_WARN_DEPRECATED_OBJC_IMPLEMENTATIONS = YES;
				CLANG_WARN_DIRECT_OBJC_ISA_USAGE = YES_ERROR;
				CLANG_WARN_DOCUMENTATION_COMMENTS = YES;
				CLANG_WARN_EMPTY_BODY = YES;
				CLANG_WARN_ENUM_CONVERSION = YES;
				CLANG_WARN_INFINITE_RECURSION = YES;
				CLANG_WARN_INT_CONVERSION = YES;
				CLANG_WARN_NON_LITERAL_NULL_CONVERSION = YES;
				CLANG_WARN_OBJC_IMPLICIT_RETAIN_SELF = YES;
				CLANG_WARN_OBJC_LITERAL_CONVERSION = YES;
				CLANG_WARN_OBJC_ROOT_CLASS = YES_ERROR;
				CLANG_WARN_RANGE_LOOP_ANALYSIS = YES;
				CLANG_WARN_STRICT_PROTOTYPES = YES;
				CLANG_WARN_SUSPICIOUS_MOVE = YES;
				CLANG_WARN_UNGUARDED_AVAILABILITY = YES_AGGRESSIVE;
				CLANG_WARN_UNREACHABLE_CODE = YES;
				CLANG_WARN__DUPLICATE_METHOD_MATCH = YES;
				CODE_SIGN_IDENTITY = "iPhone Developer";
				COPY_PHASE_STRIP = NO;
				DEBUG_INFORMATION_FORMAT = dwarf;
				ENABLE_STRICT_OBJC_MSGSEND = YES;
				ENABLE_TESTABILITY = YES;
				GCC_C_LANGUAGE_STANDARD = gnu11;
				GCC_DYNAMIC_NO_PIC = NO;
				GCC_NO_COMMON_BLOCKS = YES;
				GCC_OPTIMIZATION_LEVEL = 0;
				GCC_PREPROCESSOR_DEFINITIONS = (
					"DEBUG=1",
					"$(inherited)",
				);
				GCC_WARN_64_TO_32_BIT_CONVERSION = YES;
				GCC_WARN_ABOUT_RETURN_TYPE = YES_ERROR;
				GCC_WARN_UNDECLARED_SELECTOR = YES;
				GCC_WARN_UNINITIALIZED_AUTOS = YES_AGGRESSIVE;
				GCC_WARN_UNUSED_FUNCTION = YES;
				GCC_WARN_UNUSED_VARIABLE = YES;
				IPHONEOS_DEPLOYMENT_TARGET = 12.2;
				MTL_ENABLE_DEBUG_INFO = INCLUDE_SOURCE;
				MTL_FAST_MATH = YES;
				ONLY_ACTIVE_ARCH = YES;
				SDKROOT = iphoneos;
				SWIFT_ACTIVE_COMPILATION_CONDITIONS = DEBUG;
				SWIFT_OPTIMIZATION_LEVEL = "-Onone";
			};
			name = Debug;
		};
		8F14332823B1F727007C01BA /* Release */ = {
			isa = XCBuildConfiguration;
			buildSettings = {
				ALWAYS_SEARCH_USER_PATHS = NO;
				CLANG_ANALYZER_NONNULL = YES;
				CLANG_ANALYZER_NUMBER_OBJECT_CONVERSION = YES_AGGRESSIVE;
				CLANG_CXX_LANGUAGE_STANDARD = "gnu++14";
				CLANG_CXX_LIBRARY = "libc++";
				CLANG_ENABLE_MODULES = YES;
				CLANG_ENABLE_OBJC_ARC = YES;
				CLANG_ENABLE_OBJC_WEAK = YES;
				CLANG_WARN_BLOCK_CAPTURE_AUTORELEASING = YES;
				CLANG_WARN_BOOL_CONVERSION = YES;
				CLANG_WARN_COMMA = YES;
				CLANG_WARN_CONSTANT_CONVERSION = YES;
				CLANG_WARN_DEPRECATED_OBJC_IMPLEMENTATIONS = YES;
				CLANG_WARN_DIRECT_OBJC_ISA_USAGE = YES_ERROR;
				CLANG_WARN_DOCUMENTATION_COMMENTS = YES;
				CLANG_WARN_EMPTY_BODY = YES;
				CLANG_WARN_ENUM_CONVERSION = YES;
				CLANG_WARN_INFINITE_RECURSION = YES;
				CLANG_WARN_INT_CONVERSION = YES;
				CLANG_WARN_NON_LITERAL_NULL_CONVERSION = YES;
				CLANG_WARN_OBJC_IMPLICIT_RETAIN_SELF = YES;
				CLANG_WARN_OBJC_LITERAL_CONVERSION = YES;
				CLANG_WARN_OBJC_ROOT_CLASS = YES_ERROR;
				CLANG_WARN_RANGE_LOOP_ANALYSIS = YES;
				CLANG_WARN_STRICT_PROTOTYPES = YES;
				CLANG_WARN_SUSPICIOUS_MOVE = YES;
				CLANG_WARN_UNGUARDED_AVAILABILITY = YES_AGGRESSIVE;
				CLANG_WARN_UNREACHABLE_CODE = YES;
				CLANG_WARN__DUPLICATE_METHOD_MATCH = YES;
				CODE_SIGN_IDENTITY = "iPhone Developer";
				COPY_PHASE_STRIP = NO;
				DEBUG_INFORMATION_FORMAT = "dwarf-with-dsym";
				ENABLE_NS_ASSERTIONS = NO;
				ENABLE_STRICT_OBJC_MSGSEND = YES;
				GCC_C_LANGUAGE_STANDARD = gnu11;
				GCC_NO_COMMON_BLOCKS = YES;
				GCC_WARN_64_TO_32_BIT_CONVERSION = YES;
				GCC_WARN_ABOUT_RETURN_TYPE = YES_ERROR;
				GCC_WARN_UNDECLARED_SELECTOR = YES;
				GCC_WARN_UNINITIALIZED_AUTOS = YES_AGGRESSIVE;
				GCC_WARN_UNUSED_FUNCTION = YES;
				GCC_WARN_UNUSED_VARIABLE = YES;
				IPHONEOS_DEPLOYMENT_TARGET = 12.2;
				MTL_ENABLE_DEBUG_INFO = NO;
				MTL_FAST_MATH = YES;
				SDKROOT = iphoneos;
				SWIFT_COMPILATION_MODE = wholemodule;
				SWIFT_OPTIMIZATION_LEVEL = "-O";
				VALIDATE_PRODUCT = YES;
			};
			name = Release;
		};
		8F14332A23B1F727007C01BA /* Debug */ = {
			isa = XCBuildConfiguration;
			baseConfigurationReference = 1CB7BCDBCECD95156C049C8F /* Pods-lottie_performance_bug.debug.xcconfig */;
			buildSettings = {
				ASSETCATALOG_COMPILER_APPICON_NAME = AppIcon;
				CODE_SIGN_STYLE = Automatic;
				DEVELOPMENT_TEAM = "";
				INFOPLIST_FILE = lottie_performance_bug/Info.plist;
				LD_RUNPATH_SEARCH_PATHS = (
					"$(inherited)",
					"@executable_path/Frameworks",
				);
				PRODUCT_BUNDLE_IDENTIFIER = "com.lottie.com.lottie-performance-bug";
				PRODUCT_NAME = "$(TARGET_NAME)";
				SWIFT_VERSION = 5.0;
				TARGETED_DEVICE_FAMILY = "1,2";
			};
			name = Debug;
		};
		8F14332B23B1F727007C01BA /* Release */ = {
			isa = XCBuildConfiguration;
			baseConfigurationReference = 035B4768CBC86F215DCCE9B8 /* Pods-lottie_performance_bug.release.xcconfig */;
			buildSettings = {
				ASSETCATALOG_COMPILER_APPICON_NAME = AppIcon;
				CODE_SIGN_STYLE = Automatic;
				DEVELOPMENT_TEAM = "";
				INFOPLIST_FILE = lottie_performance_bug/Info.plist;
				LD_RUNPATH_SEARCH_PATHS = (
					"$(inherited)",
					"@executable_path/Frameworks",
				);
				PRODUCT_BUNDLE_IDENTIFIER = "com.lottie.com.lottie-performance-bug";
				PRODUCT_NAME = "$(TARGET_NAME)";
				SWIFT_VERSION = 5.0;
				TARGETED_DEVICE_FAMILY = "1,2";
			};
			name = Release;
		};
/* End XCBuildConfiguration section */

/* Begin XCConfigurationList section */
		8F14330E23B1F722007C01BA /* Build configuration list for PBXProject "lottie_performance_bug" */ = {
			isa = XCConfigurationList;
			buildConfigurations = (
				8F14332723B1F727007C01BA /* Debug */,
				8F14332823B1F727007C01BA /* Release */,
			);
			defaultConfigurationIsVisible = 0;
			defaultConfigurationName = Release;
		};
		8F14332923B1F727007C01BA /* Build configuration list for PBXNativeTarget "lottie_performance_bug" */ = {
			isa = XCConfigurationList;
			buildConfigurations = (
				8F14332A23B1F727007C01BA /* Debug */,
				8F14332B23B1F727007C01BA /* Release */,
			);
			defaultConfigurationIsVisible = 0;
			defaultConfigurationName = Release;
		};
/* End XCConfigurationList section */
	};
	rootObject = 8F14330B23B1F722007C01BA /* Project object */;
}
